<?xml version="1.0" encoding="utf-8"?>
<Project ToolsVersion="4.0" xmlns="http://schemas.microsoft.com/developer/msbuild/2003">
  <ItemGroup>
    <Filter Include="Исходные файлы">
      <UniqueIdentifier>{4FC737F1-C7A5-4376-A066-2A32D752A2FF}</UniqueIdentifier>
      <Extensions>cpp;c;cc;cxx;c++;cppm;ixx;def;odl;idl;hpj;bat;asm;asmx</Extensions>
    </Filter>
    <Filter Include="Файлы заголовков">
      <UniqueIdentifier>{93995380-89BD-4b04-88EB-625FBE52EBFB}</UniqueIdentifier>
      <Extensions>h;hh;hpp;hxx;h++;hm;inl;inc;ipp;xsd</Extensions>
    </Filter>
    <Filter Include="Файлы ресурсов">
      <UniqueIdentifier>{67DA6AB6-F800-4c08-8B7A-83BB121AAD01}</UniqueIdentifier>
      <Extensions>rc;ico;cur;bmp;dlg;rc2;rct;bin;rgs;gif;jpg;jpeg;jpe;resx;tiff;tif;png;wav;mfcribbon-ms</Extensions>
    </Filter>
    <Filter Include="Lab_1">
      <UniqueIdentifier>{f8c245fe-8f9e-48a1-8da7-87cc22fec8e9}</UniqueIdentifier>
    </Filter>
    <Filter Include="Lab_2">
      <UniqueIdentifier>{c31cf2b7-9cc8-427d-875c-fbb3cafcf094}</UniqueIdentifier>
    </Filter>
    <Filter Include="Lab_3">
      <UniqueIdentifier>{42a9be6e-ae13-4247-916e-5f37f8d435a4}</UniqueIdentifier>
    </Filter>
    <Filter Include="Lab_4">
      <UniqueIdentifier>{fce78bbd-e94d-46c6-91b1-a1d3f177af26}</UniqueIdentifier>
    </Filter>
    <Filter Include="Lab_5">
      <UniqueIdentifier>{7d9f0341-bc63-4c7b-835f-98cec7cd4891}</UniqueIdentifier>
    </Filter>
    <Filter Include="Lab_5\File">
      <UniqueIdentifier>{125ca594-b3e9-4eee-963d-5595805330bb}</UniqueIdentifier>
    </Filter>
  </ItemGroup>
  <ItemGroup>
    <ClCompile Include="Zadanie1_1.cpp">
      <Filter>Lab_1</Filter>
    </ClCompile>
    <ClCompile Include="Zadanie1_2.cpp">
      <Filter>Lab_1</Filter>
    </ClCompile>
    <ClCompile Include="Zadanie1_3.cpp">
      <Filter>Lab_1</Filter>
    </ClCompile>
    <ClCompile Include="Practica_Zad_1.cpp">
      <Filter>Lab_1</Filter>
    </ClCompile>
    <ClCompile Include="Zadanie2_1.cpp">
      <Filter>Lab_2</Filter>
    </ClCompile>
    <ClCompile Include="Zadanie3_1.cpp">
      <Filter>Lab_3</Filter>
    </ClCompile>
    <ClCompile Include="Zadanie3_2.cpp">
      <Filter>Lab_3</Filter>
    </ClCompile>
    <ClCompile Include="Zadanie3_3.cpp">
      <Filter>Lab_3</Filter>
    </ClCompile>
    <ClCompile Include="Zadanie3_4.cpp">
      <Filter>Lab_3</Filter>
    </ClCompile>
    <ClCompile Include="Zadanie3_5.cpp">
      <Filter>Lab_3</Filter>
    </ClCompile>
    <ClCompile Include="Zadanie4_1-2.cpp">
      <Filter>Lab_4</Filter>
    </ClCompile>
    <ClCompile Include="Zadanie4_3.cpp">
      <Filter>Lab_4</Filter>
    </ClCompile>
    <ClCompile Include="Zadanie4_4.cpp">
      <Filter>Lab_4</Filter>
    </ClCompile>
    <ClCompile Include="Zadanie4_5.cpp">
      <Filter>Lab_4</Filter>
    </ClCompile>
    <ClCompile Include="Zadanie2_0.cpp">
      <Filter>Lab_2</Filter>
    </ClCompile>
    <ClCompile Include="Zadanie5_1.cpp">
      <Filter>Lab_5</Filter>
    </ClCompile>
    <ClCompile Include="Zadanie5_0.cpp">
      <Filter>Lab_5</Filter>
    </ClCompile>
    <ClCompile Include="Zadanie5_2.cpp">
      <Filter>Lab_5</Filter>
    </ClCompile>
    <ClCompile Include="Zadanie5_3.cpp">
      <Filter>Lab_5</Filter>
    </ClCompile>
  </ItemGroup>
  <ItemGroup>
    <Text Include="Test.txt">
      <Filter>Lab_5\File</Filter>
    </Text>
    <Text Include="output.txt">
      <Filter>Lab_5\File</Filter>
    </Text>
  </ItemGroup>
</Project>